// !$*UTF8*$!
{
	archiveVersion = 1;
	classes = {
	};
	objectVersion = 46;
	objects = {

/* Begin PBXBuildFile section */
		848E3F031A0CA93900712406 /* util.h in Headers */ = {isa = PBXBuildFile; fileRef = 848E3EEF1A0CA93800712406 /* util.h */; };
		848E3F6A1A0CAA0C00712406 /* config.h in Headers */ = {isa = PBXBuildFile; fileRef = 848E3F461A0CAA0C00712406 /* config.h */; };
		848E3F6B1A0CAA0C00712406 /* connectionbase.h in Headers */ = {isa = PBXBuildFile; fileRef = 848E3F471A0CAA0C00712406 /* connectionbase.h */; };
		848E3F6C1A0CAA0C00712406 /* connectionbosh.h in Headers */ = {isa = PBXBuildFile; fileRef = 848E3F481A0CAA0C00712406 /* connectionbosh.h */; };
		848E3F6D1A0CAA0C00712406 /* connectiondatahandler.h in Headers */ = {isa = PBXBuildFile; fileRef = 848E3F491A0CAA0C00712406 /* connectiondatahandler.h */; };
		848E3F6E1A0CAA0C00712406 /* connectionhandler.h in Headers */ = {isa = PBXBuildFile; fileRef = 848E3F4A1A0CAA0C00712406 /* connectionhandler.h */; };
		848E3F721A0CAA0C00712406 /* connectiontcpbase.h in Headers */ = {isa = PBXBuildFile; fileRef = 848E3F4E1A0CAA0C00712406 /* connectiontcpbase.h */; };
		848E3F731A0CAA0C00712406 /* connectiontcpclient.h in Headers */ = {isa = PBXBuildFile; fileRef = 848E3F4F1A0CAA0C00712406 /* connectiontcpclient.h */; };
		848E3F741A0CAA0C00712406 /* connectiontcpserver.h in Headers */ = {isa = PBXBuildFile; fileRef = 848E3F501A0CAA0C00712406 /* connectiontcpserver.h */; };
		848E3F7F1A0CAA0C00712406 /* dns.h in Headers */ = {isa = PBXBuildFile; fileRef = 848E3F5B1A0CAA0C00712406 /* dns.h */; };
		848E3FB41A0CAA6D00712406 /* loghandler.h in Headers */ = {isa = PBXBuildFile; fileRef = 848E3F8C1A0CAA6C00712406 /* loghandler.h */; };
		848E3FB51A0CAA6D00712406 /* logsink.h in Headers */ = {isa = PBXBuildFile; fileRef = 848E3F8D1A0CAA6C00712406 /* logsink.h */; };
		848E3FB61A0CAA6D00712406 /* macros.h in Headers */ = {isa = PBXBuildFile; fileRef = 848E3F8E1A0CAA6C00712406 /* macros.h */; };
		848E3FC31A0CAA6D00712406 /* mutex.h in Headers */ = {isa = PBXBuildFile; fileRef = 848E3F9B1A0CAA6D00712406 /* mutex.h */; };
		848E3FC41A0CAA6D00712406 /* mutexguard.h in Headers */ = {isa = PBXBuildFile; fileRef = 848E3F9C1A0CAA6D00712406 /* mutexguard.h */; };
		848E3FC81A0CAA6D00712406 /* prep.h in Headers */ = {isa = PBXBuildFile; fileRef = 848E3FA01A0CAA6D00712406 /* prep.h */; };
		848E3FF11A0CAC4400712406 /* gloox.h in Headers */ = {isa = PBXBuildFile; fileRef = 848E3FE81A0CAC4400712406 /* gloox.h */; };
		848E41D51A0CAC6E00712406 /* connectiontcpbase.cpp in Sources */ = {isa = PBXBuildFile; fileRef = 848E400A1A0CAC6E00712406 /* connectiontcpbase.cpp */; };
		848E41D61A0CAC6E00712406 /* connectiontcpclient.cpp in Sources */ = {isa = PBXBuildFile; fileRef = 848E400B1A0CAC6E00712406 /* connectiontcpclient.cpp */; };
		848E41D71A0CAC6E00712406 /* connectiontcpserver.cpp in Sources */ = {isa = PBXBuildFile; fileRef = 848E400C1A0CAC6E00712406 /* connectiontcpserver.cpp */; };
		848E41E11A0CAC6E00712406 /* dns.cpp in Sources */ = {isa = PBXBuildFile; fileRef = 848E40161A0CAC6E00712406 /* dns.cpp */; };
		848E41FE1A0CAC6E00712406 /* gloox.cpp in Sources */ = {isa = PBXBuildFile; fileRef = 848E40361A0CAC6E00712406 /* gloox.cpp */; };
		848E420E1A0CAC6E00712406 /* logsink.cpp in Sources */ = {isa = PBXBuildFile; fileRef = 848E40461A0CAC6E00712406 /* logsink.cpp */; };
		848E421A1A0CAC6E00712406 /* mutex.cpp in Sources */ = {isa = PBXBuildFile; fileRef = 848E40541A0CAC6E00712406 /* mutex.cpp */; };
		848E42201A0CAC6E00712406 /* prep.cpp in Sources */ = {isa = PBXBuildFile; fileRef = 848E405A1A0CAC6E00712406 /* prep.cpp */; };
		848E42951A0CAC6E00712406 /* util.cpp in Sources */ = {isa = PBXBuildFile; fileRef = 848E41BC1A0CAC6E00712406 /* util.cpp */; };
		848E42A51A0CB91500712406 /* Foundation.framework in Frameworks */ = {isa = PBXBuildFile; fileRef = 848E42A21A0CB8E200712406 /* Foundation.framework */; };
/* End PBXBuildFile section */

/* Begin PBXFileReference section */
		848E3EAE1A0CA81500712406 /* libgloox.a */ = {isa = PBXFileReference; explicitFileType = archive.ar; includeInIndex = 0; path = libgloox.a; sourceTree = BUILT_PRODUCTS_DIR; };
		848E3EEF1A0CA93800712406 /* util.h */ = {isa = PBXFileReference; fileEncoding = 4; lastKnownFileType = sourcecode.c.h; name = util.h; path = src/util.h; sourceTree = "<group>"; };
		848E3F461A0CAA0C00712406 /* config.h */ = {isa = PBXFileReference; fileEncoding = 4; lastKnownFileType = sourcecode.c.h; name = config.h; path = src/config.h; sourceTree = "<group>"; };
		848E3F471A0CAA0C00712406 /* connectionbase.h */ = {isa = PBXFileReference; fileEncoding = 4; lastKnownFileType = sourcecode.c.h; name = connectionbase.h; path = src/connectionbase.h; sourceTree = "<group>"; };
		848E3F481A0CAA0C00712406 /* connectionbosh.h */ = {isa = PBXFileReference; fileEncoding = 4; lastKnownFileType = sourcecode.c.h; name = connectionbosh.h; path = src/connectionbosh.h; sourceTree = "<group>"; };
		848E3F491A0CAA0C00712406 /* connectiondatahandler.h */ = {isa = PBXFileReference; fileEncoding = 4; lastKnownFileType = sourcecode.c.h; name = connectiondatahandler.h; path = src/connectiondatahandler.h; sourceTree = "<group>"; };
		848E3F4A1A0CAA0C00712406 /* connectionhandler.h */ = {isa = PBXFileReference; fileEncoding = 4; lastKnownFileType = sourcecode.c.h; name = connectionhandler.h; path = src/connectionhandler.h; sourceTree = "<group>"; };
		848E3F4E1A0CAA0C00712406 /* connectiontcpbase.h */ = {isa = PBXFileReference; fileEncoding = 4; lastKnownFileType = sourcecode.c.h; name = connectiontcpbase.h; path = src/connectiontcpbase.h; sourceTree = "<group>"; };
		848E3F4F1A0CAA0C00712406 /* connectiontcpclient.h */ = {isa = PBXFileReference; fileEncoding = 4; lastKnownFileType = sourcecode.c.h; name = connectiontcpclient.h; path = src/connectiontcpclient.h; sourceTree = "<group>"; };
		848E3F501A0CAA0C00712406 /* connectiontcpserver.h */ = {isa = PBXFileReference; fileEncoding = 4; lastKnownFileType = sourcecode.c.h; name = connectiontcpserver.h; path = src/connectiontcpserver.h; sourceTree = "<group>"; };
		848E3F5B1A0CAA0C00712406 /* dns.h */ = {isa = PBXFileReference; fileEncoding = 4; lastKnownFileType = sourcecode.c.h; name = dns.h; path = src/dns.h; sourceTree = "<group>"; };
		848E3F8C1A0CAA6C00712406 /* loghandler.h */ = {isa = PBXFileReference; fileEncoding = 4; lastKnownFileType = sourcecode.c.h; name = loghandler.h; path = src/loghandler.h; sourceTree = "<group>"; };
		848E3F8D1A0CAA6C00712406 /* logsink.h */ = {isa = PBXFileReference; fileEncoding = 4; lastKnownFileType = sourcecode.c.h; name = logsink.h; path = src/logsink.h; sourceTree = "<group>"; };
		848E3F8E1A0CAA6C00712406 /* macros.h */ = {isa = PBXFileReference; fileEncoding = 4; lastKnownFileType = sourcecode.c.h; name = macros.h; path = src/macros.h; sourceTree = "<group>"; };
		848E3F9B1A0CAA6D00712406 /* mutex.h */ = {isa = PBXFileReference; fileEncoding = 4; lastKnownFileType = sourcecode.c.h; name = mutex.h; path = src/mutex.h; sourceTree = "<group>"; };
		848E3F9C1A0CAA6D00712406 /* mutexguard.h */ = {isa = PBXFileReference; fileEncoding = 4; lastKnownFileType = sourcecode.c.h; name = mutexguard.h; path = src/mutexguard.h; sourceTree = "<group>"; };
		848E3FA01A0CAA6D00712406 /* prep.h */ = {isa = PBXFileReference; fileEncoding = 4; lastKnownFileType = sourcecode.c.h; name = prep.h; path = src/prep.h; sourceTree = "<group>"; };
		848E3FE81A0CAC4400712406 /* gloox.h */ = {isa = PBXFileReference; fileEncoding = 4; lastKnownFileType = sourcecode.c.h; name = gloox.h; path = src/gloox.h; sourceTree = "<group>"; };
		848E400A1A0CAC6E00712406 /* connectiontcpbase.cpp */ = {isa = PBXFileReference; fileEncoding = 4; lastKnownFileType = sourcecode.cpp.cpp; name = connectiontcpbase.cpp; path = src/connectiontcpbase.cpp; sourceTree = "<group>"; };
		848E400B1A0CAC6E00712406 /* connectiontcpclient.cpp */ = {isa = PBXFileReference; fileEncoding = 4; lastKnownFileType = sourcecode.cpp.cpp; name = connectiontcpclient.cpp; path = src/connectiontcpclient.cpp; sourceTree = "<group>"; };
		848E400C1A0CAC6E00712406 /* connectiontcpserver.cpp */ = {isa = PBXFileReference; fileEncoding = 4; lastKnownFileType = sourcecode.cpp.cpp; name = connectiontcpserver.cpp; path = src/connectiontcpserver.cpp; sourceTree = "<group>"; };
		848E40161A0CAC6E00712406 /* dns.cpp */ = {isa = PBXFileReference; fileEncoding = 4; lastKnownFileType = sourcecode.cpp.cpp; name = dns.cpp; path = src/dns.cpp; sourceTree = "<group>"; };
		848E40361A0CAC6E00712406 /* gloox.cpp */ = {isa = PBXFileReference; fileEncoding = 4; lastKnownFileType = sourcecode.cpp.cpp; name = gloox.cpp; path = src/gloox.cpp; sourceTree = "<group>"; };
		848E40461A0CAC6E00712406 /* logsink.cpp */ = {isa = PBXFileReference; fileEncoding = 4; lastKnownFileType = sourcecode.cpp.cpp; name = logsink.cpp; path = src/logsink.cpp; sourceTree = "<group>"; };
		848E40541A0CAC6E00712406 /* mutex.cpp */ = {isa = PBXFileReference; fileEncoding = 4; lastKnownFileType = sourcecode.cpp.cpp; name = mutex.cpp; path = src/mutex.cpp; sourceTree = "<group>"; };
		848E405A1A0CAC6E00712406 /* prep.cpp */ = {isa = PBXFileReference; fileEncoding = 4; lastKnownFileType = sourcecode.cpp.cpp; name = prep.cpp; path = src/prep.cpp; sourceTree = "<group>"; };
		848E41BC1A0CAC6E00712406 /* util.cpp */ = {isa = PBXFileReference; fileEncoding = 4; lastKnownFileType = sourcecode.cpp.cpp; name = util.cpp; path = src/util.cpp; sourceTree = "<group>"; };
		848E42A21A0CB8E200712406 /* Foundation.framework */ = {isa = PBXFileReference; lastKnownFileType = wrapper.framework; name = Foundation.framework; path = System/Library/Frameworks/Foundation.framework; sourceTree = SDKROOT; };
		848E42A61A0CC21E00712406 /* config.h.unix */ = {isa = PBXFileReference; fileEncoding = 4; lastKnownFileType = text; name = config.h.unix; path = src/config.h.unix; sourceTree = "<group>"; };
/* End PBXFileReference section */

/* Begin PBXFrameworksBuildPhase section */
		848E3EAB1A0CA81500712406 /* Frameworks */ = {
			isa = PBXFrameworksBuildPhase;
			buildActionMask = 2147483647;
			files = (
				848E42A51A0CB91500712406 /* Foundation.framework in Frameworks */,
			);
			runOnlyForDeploymentPostprocessing = 0;
		};
/* End PBXFrameworksBuildPhase section */

/* Begin PBXGroup section */
		848E3EA51A0CA81500712406 = {
			isa = PBXGroup;
			children = (
				848E3EBC1A0CA89000712406 /* gloox */,
				848E42A41A0CB8E500712406 /* Frameworks */,
				848E3EAF1A0CA81500712406 /* Products */,
			);
			sourceTree = "<group>";
		};
		848E3EAF1A0CA81500712406 /* Products */ = {
			isa = PBXGroup;
			children = (
				848E3EAE1A0CA81500712406 /* libgloox.a */,
			);
			name = Products;
			sourceTree = "<group>";
		};
		848E3EBC1A0CA89000712406 /* gloox */ = {
			isa = PBXGroup;
			children = (
				848E3EBD1A0CA8D100712406 /* include */,
				848E3EBE1A0CA8D700712406 /* src */,
			);
			name = gloox;
			sourceTree = "<group>";
		};
		848E3EBD1A0CA8D100712406 /* include */ = {
			isa = PBXGroup;
			children = (
				848E42A61A0CC21E00712406 /* config.h.unix */,
				848E3F461A0CAA0C00712406 /* config.h */,
				848E3F471A0CAA0C00712406 /* connectionbase.h */,
				848E3F481A0CAA0C00712406 /* connectionbosh.h */,
				848E3F491A0CAA0C00712406 /* connectiondatahandler.h */,
				848E3F4A1A0CAA0C00712406 /* connectionhandler.h */,
				848E3F4E1A0CAA0C00712406 /* connectiontcpbase.h */,
				848E3F4F1A0CAA0C00712406 /* connectiontcpclient.h */,
				848E3F501A0CAA0C00712406 /* connectiontcpserver.h */,
				848E3F5B1A0CAA0C00712406 /* dns.h */,
				848E3FE81A0CAC4400712406 /* gloox.h */,
				848E3F8C1A0CAA6C00712406 /* loghandler.h */,
				848E3F8D1A0CAA6C00712406 /* logsink.h */,
				848E3F8E1A0CAA6C00712406 /* macros.h */,
				848E3F9B1A0CAA6D00712406 /* mutex.h */,
				848E3F9C1A0CAA6D00712406 /* mutexguard.h */,
				848E3FA01A0CAA6D00712406 /* prep.h */,
				848E3EEF1A0CA93800712406 /* util.h */,
			);
			name = include;
			sourceTree = "<group>";
		};
		848E3EBE1A0CA8D700712406 /* src */ = {
			isa = PBXGroup;
			children = (
				848E400A1A0CAC6E00712406 /* connectiontcpbase.cpp */,
				848E400B1A0CAC6E00712406 /* connectiontcpclient.cpp */,
				848E400C1A0CAC6E00712406 /* connectiontcpserver.cpp */,
				848E40161A0CAC6E00712406 /* dns.cpp */,
				848E40361A0CAC6E00712406 /* gloox.cpp */,
				848E40461A0CAC6E00712406 /* logsink.cpp */,
				848E40541A0CAC6E00712406 /* mutex.cpp */,
				848E405A1A0CAC6E00712406 /* prep.cpp */,
				848E41BC1A0CAC6E00712406 /* util.cpp */,
			);
			name = src;
			sourceTree = "<group>";
		};
		848E42A41A0CB8E500712406 /* Frameworks */ = {
			isa = PBXGroup;
			children = (
				848E42A21A0CB8E200712406 /* Foundation.framework */,
			);
			name = Frameworks;
			sourceTree = "<group>";
		};
/* End PBXGroup section */

/* Begin PBXHeadersBuildPhase section */
		848E3EAC1A0CA81500712406 /* Headers */ = {
			isa = PBXHeadersBuildPhase;
			buildActionMask = 2147483647;
			files = (
				848E3FB41A0CAA6D00712406 /* loghandler.h in Headers */,
				848E3F6D1A0CAA0C00712406 /* connectiondatahandler.h in Headers */,
				848E3FB61A0CAA6D00712406 /* macros.h in Headers */,
				848E3F721A0CAA0C00712406 /* connectiontcpbase.h in Headers */,
				848E3FC31A0CAA6D00712406 /* mutex.h in Headers */,
				848E3FC81A0CAA6D00712406 /* prep.h in Headers */,
				848E3FB51A0CAA6D00712406 /* logsink.h in Headers */,
				848E3FF11A0CAC4400712406 /* gloox.h in Headers */,
				848E3F6B1A0CAA0C00712406 /* connectionbase.h in Headers */,
				848E3FC41A0CAA6D00712406 /* mutexguard.h in Headers */,
				848E3F6E1A0CAA0C00712406 /* connectionhandler.h in Headers */,
				848E3F6A1A0CAA0C00712406 /* config.h in Headers */,
				848E3F031A0CA93900712406 /* util.h in Headers */,
				848E3F741A0CAA0C00712406 /* connectiontcpserver.h in Headers */,
				848E3F7F1A0CAA0C00712406 /* dns.h in Headers */,
				848E3F731A0CAA0C00712406 /* connectiontcpclient.h in Headers */,
				848E3F6C1A0CAA0C00712406 /* connectionbosh.h in Headers */,
			);
			runOnlyForDeploymentPostprocessing = 0;
		};
/* End PBXHeadersBuildPhase section */

/* Begin PBXNativeTarget section */
		848E3EAD1A0CA81500712406 /* gloox */ = {
			isa = PBXNativeTarget;
			buildConfigurationList = 848E3EB91A0CA81500712406 /* Build configuration list for PBXNativeTarget "gloox" */;
			buildPhases = (
				848E3EAA1A0CA81500712406 /* Sources */,
				848E3EAB1A0CA81500712406 /* Frameworks */,
				848E3EAC1A0CA81500712406 /* Headers */,
			);
			buildRules = (
			);
			dependencies = (
			);
			name = gloox;
			productName = gloox;
			productReference = 848E3EAE1A0CA81500712406 /* libgloox.a */;
			productType = "com.apple.product-type.library.static";
		};
/* End PBXNativeTarget section */

/* Begin PBXProject section */
		848E3EA61A0CA81500712406 /* Project object */ = {
			isa = PBXProject;
			attributes = {
				LastUpgradeCheck = 0610;
				ORGANIZATIONNAME = com.zhuyanbin;
				TargetAttributes = {
					848E3EAD1A0CA81500712406 = {
						CreatedOnToolsVersion = 6.1;
					};
				};
			};
			buildConfigurationList = 848E3EA91A0CA81500712406 /* Build configuration list for PBXProject "gloox" */;
			compatibilityVersion = "Xcode 3.2";
			developmentRegion = English;
			hasScannedForEncodings = 0;
			knownRegions = (
				en,
			);
			mainGroup = 848E3EA51A0CA81500712406;
			productRefGroup = 848E3EAF1A0CA81500712406 /* Products */;
			projectDirPath = "";
			projectRoot = "";
			targets = (
				848E3EAD1A0CA81500712406 /* gloox */,
			);
		};
/* End PBXProject section */

/* Begin PBXSourcesBuildPhase section */
		848E3EAA1A0CA81500712406 /* Sources */ = {
			isa = PBXSourcesBuildPhase;
			buildActionMask = 2147483647;
			files = (
				848E41D51A0CAC6E00712406 /* connectiontcpbase.cpp in Sources */,
				848E42201A0CAC6E00712406 /* prep.cpp in Sources */,
				848E41FE1A0CAC6E00712406 /* gloox.cpp in Sources */,
				848E42951A0CAC6E00712406 /* util.cpp in Sources */,
				848E41D61A0CAC6E00712406 /* connectiontcpclient.cpp in Sources */,
				848E420E1A0CAC6E00712406 /* logsink.cpp in Sources */,
				848E41D71A0CAC6E00712406 /* connectiontcpserver.cpp in Sources */,
				848E421A1A0CAC6E00712406 /* mutex.cpp in Sources */,
				848E41E11A0CAC6E00712406 /* dns.cpp in Sources */,
			);
			runOnlyForDeploymentPostprocessing = 0;
		};
/* End PBXSourcesBuildPhase section */

/* Begin XCBuildConfiguration section */
		848E3EB71A0CA81500712406 /* Debug */ = {
			isa = XCBuildConfiguration;
			buildSettings = {
				ALWAYS_SEARCH_USER_PATHS = NO;
				CLANG_CXX_LANGUAGE_STANDARD = "gnu++0x";
				CLANG_CXX_LIBRARY = "libc++";
				CLANG_ENABLE_MODULES = YES;
				CLANG_ENABLE_OBJC_ARC = YES;
				CLANG_WARN_BOOL_CONVERSION = YES;
				CLANG_WARN_CONSTANT_CONVERSION = YES;
				CLANG_WARN_DIRECT_OBJC_ISA_USAGE = YES_ERROR;
				CLANG_WARN_EMPTY_BODY = YES;
				CLANG_WARN_ENUM_CONVERSION = YES;
				CLANG_WARN_INT_CONVERSION = YES;
				CLANG_WARN_OBJC_ROOT_CLASS = YES_ERROR;
				CLANG_WARN_UNREACHABLE_CODE = YES;
				CLANG_WARN__DUPLICATE_METHOD_MATCH = YES;
				COPY_PHASE_STRIP = NO;
				ENABLE_STRICT_OBJC_MSGSEND = YES;
				GCC_C_LANGUAGE_STANDARD = gnu99;
				GCC_DYNAMIC_NO_PIC = NO;
				GCC_OPTIMIZATION_LEVEL = 0;
				GCC_PREPROCESSOR_DEFINITIONS = (
					"DEBUG=1",
					"$(inherited)",
				);
				GCC_SYMBOLS_PRIVATE_EXTERN = NO;
				GCC_WARN_64_TO_32_BIT_CONVERSION = YES;
				GCC_WARN_ABOUT_RETURN_TYPE = YES_ERROR;
				GCC_WARN_UNDECLARED_SELECTOR = YES;
				GCC_WARN_UNINITIALIZED_AUTOS = YES_AGGRESSIVE;
				GCC_WARN_UNUSED_FUNCTION = YES;
				GCC_WARN_UNUSED_VARIABLE = YES;
				IPHONEOS_DEPLOYMENT_TARGET = 5.1;
				MACOSX_DEPLOYMENT_TARGET = 10.9;
				MTL_ENABLE_DEBUG_INFO = YES;
				ONLY_ACTIVE_ARCH = YES;
				SDKROOT = iphoneos;
			};
			name = Debug;
		};
		848E3EB81A0CA81500712406 /* Release */ = {
			isa = XCBuildConfiguration;
			buildSettings = {
				ALWAYS_SEARCH_USER_PATHS = NO;
				CLANG_CXX_LANGUAGE_STANDARD = "gnu++0x";
				CLANG_CXX_LIBRARY = "libc++";
				CLANG_ENABLE_MODULES = YES;
				CLANG_ENABLE_OBJC_ARC = YES;
				CLANG_WARN_BOOL_CONVERSION = YES;
				CLANG_WARN_CONSTANT_CONVERSION = YES;
				CLANG_WARN_DIRECT_OBJC_ISA_USAGE = YES_ERROR;
				CLANG_WARN_EMPTY_BODY = YES;
				CLANG_WARN_ENUM_CONVERSION = YES;
				CLANG_WARN_INT_CONVERSION = YES;
				CLANG_WARN_OBJC_ROOT_CLASS = YES_ERROR;
				CLANG_WARN_UNREACHABLE_CODE = YES;
				CLANG_WARN__DUPLICATE_METHOD_MATCH = YES;
				COPY_PHASE_STRIP = YES;
				DEBUG_INFORMATION_FORMAT = "dwarf-with-dsym";
				ENABLE_NS_ASSERTIONS = NO;
				ENABLE_STRICT_OBJC_MSGSEND = YES;
				GCC_C_LANGUAGE_STANDARD = gnu99;
				GCC_WARN_64_TO_32_BIT_CONVERSION = YES;
				GCC_WARN_ABOUT_RETURN_TYPE = YES_ERROR;
				GCC_WARN_UNDECLARED_SELECTOR = YES;
				GCC_WARN_UNINITIALIZED_AUTOS = YES_AGGRESSIVE;
				GCC_WARN_UNUSED_FUNCTION = YES;
				GCC_WARN_UNUSED_VARIABLE = YES;
				IPHONEOS_DEPLOYMENT_TARGET = 5.1;
				MACOSX_DEPLOYMENT_TARGET = 10.9;
				MTL_ENABLE_DEBUG_INFO = NO;
				SDKROOT = iphoneos;
			};
			name = Release;
		};
		848E3EBA1A0CA81500712406 /* Debug */ = {
			isa = XCBuildConfiguration;
			buildSettings = {
				EXECUTABLE_PREFIX = lib;
				GCC_ENABLE_CPP_EXCEPTIONS = YES;
				GCC_ENABLE_CPP_RTTI = YES;
				GCC_SYMBOLS_PRIVATE_EXTERN = NO;
				PRODUCT_NAME = "$(TARGET_NAME)";
				SDKROOT = iphoneos;
			};
			name = Debug;
		};
		848E3EBB1A0CA81500712406 /* Release */ = {
			isa = XCBuildConfiguration;
			buildSettings = {
				EXECUTABLE_PREFIX = lib;
				GCC_ENABLE_CPP_EXCEPTIONS = YES;
				GCC_ENABLE_CPP_RTTI = YES;
				GCC_SYMBOLS_PRIVATE_EXTERN = NO;
				PRODUCT_NAME = "$(TARGET_NAME)";
				SDKROOT = iphoneos;
			};
			name = Release;
		};
/* End XCBuildConfiguration section */

/* Begin XCConfigurationList section */
		848E3EA91A0CA81500712406 /* Build configuration list for PBXProject "gloox" */ = {
			isa = XCConfigurationList;
			buildConfigurations = (
				848E3EB71A0CA81500712406 /* Debug */,
				848E3EB81A0CA81500712406 /* Release */,
			);
			defaultConfigurationIsVisible = 0;
			defaultConfigurationName = Release;
		};
		848E3EB91A0CA81500712406 /* Build configuration list for PBXNativeTarget "gloox" */ = {
			isa = XCConfigurationList;
			buildConfigurations = (
				848E3EBA1A0CA81500712406 /* Debug */,
				848E3EBB1A0CA81500712406 /* Release */,
			);
			defaultConfigurationIsVisible = 0;
			defaultConfigurationName = Release;
		};
/* End XCConfigurationList section */
	};
	rootObject = 848E3EA61A0CA81500712406 /* Project object */;
}
