// !$*UTF8*$!
{
	archiveVersion = 1;
	classes = {
	};
	objectVersion = 46;
	objects = {

/* Begin PBXBuildFile section */
		2AFA2B651A0D2CF300BE1B65 /* libcocos2dx.a in Frameworks */ = {isa = PBXBuildFile; fileRef = 2AFA279F1A0D2A5400BE1B65 /* libcocos2dx.a */; };
		2AFA2B661A0D2CF300BE1B65 /* libCocosDenshion.a in Frameworks */ = {isa = PBXBuildFile; fileRef = 2AFA2B621A0D2CDF00BE1B65 /* libCocosDenshion.a */; };
		2C29254F1A11289700C7169D /* libresolv.dylib in Frameworks */ = {isa = PBXBuildFile; fileRef = 2C29254E1A11289700C7169D /* libresolv.dylib */; };
		2C29256D1A1128BB00C7169D /* config.h.unix in Resources */ = {isa = PBXBuildFile; fileRef = 2C2925541A1128BB00C7169D /* config.h.unix */; };
		2C29256F1A1128BB00C7169D /* connectiontcpbase.cpp in Sources */ = {isa = PBXBuildFile; fileRef = 2C2925581A1128BB00C7169D /* connectiontcpbase.cpp */; };
		2C2925701A1128BB00C7169D /* connectiontcpclient.cpp in Sources */ = {isa = PBXBuildFile; fileRef = 2C29255A1A1128BB00C7169D /* connectiontcpclient.cpp */; };
		2C2925711A1128BB00C7169D /* dns.cpp in Sources */ = {isa = PBXBuildFile; fileRef = 2C29255C1A1128BB00C7169D /* dns.cpp */; };
		2C2925721A1128BB00C7169D /* gloox.cpp in Sources */ = {isa = PBXBuildFile; fileRef = 2C29255E1A1128BB00C7169D /* gloox.cpp */; };
		2C2925731A1128BB00C7169D /* logsink.cpp in Sources */ = {isa = PBXBuildFile; fileRef = 2C2925621A1128BB00C7169D /* logsink.cpp */; };
		2C2925741A1128BB00C7169D /* mutex.cpp in Sources */ = {isa = PBXBuildFile; fileRef = 2C2925651A1128BB00C7169D /* mutex.cpp */; };
		2C2925751A1128BB00C7169D /* prep.cpp in Sources */ = {isa = PBXBuildFile; fileRef = 2C2925681A1128BB00C7169D /* prep.cpp */; };
		2C2925761A1128BB00C7169D /* util.cpp in Sources */ = {isa = PBXBuildFile; fileRef = 2C29256A1A1128BB00C7169D /* util.cpp */; };
		84CEB5741A10E2F900FFA547 /* client.cpp in Sources */ = {isa = PBXBuildFile; fileRef = 84CEB5701A10E2F900FFA547 /* client.cpp */; };
		84D661961A0CDD1B002E8D48 /* QuartzCore.framework in Frameworks */ = {isa = PBXBuildFile; fileRef = 84D661951A0CDD1B002E8D48 /* QuartzCore.framework */; };
		84D661981A0CDD1B002E8D48 /* OpenGLES.framework in Frameworks */ = {isa = PBXBuildFile; fileRef = 84D661971A0CDD1B002E8D48 /* OpenGLES.framework */; };
		84D6619A1A0CDD1B002E8D48 /* OpenAL.framework in Frameworks */ = {isa = PBXBuildFile; fileRef = 84D661991A0CDD1B002E8D48 /* OpenAL.framework */; };
		84D6619C1A0CDD1B002E8D48 /* AudioToolbox.framework in Frameworks */ = {isa = PBXBuildFile; fileRef = 84D6619B1A0CDD1B002E8D48 /* AudioToolbox.framework */; };
		84D6619E1A0CDD1B002E8D48 /* AVFoundation.framework in Frameworks */ = {isa = PBXBuildFile; fileRef = 84D6619D1A0CDD1B002E8D48 /* AVFoundation.framework */; };
		84D661A01A0CDD1B002E8D48 /* UIKit.framework in Frameworks */ = {isa = PBXBuildFile; fileRef = 84D6619F1A0CDD1B002E8D48 /* UIKit.framework */; };
		84D661A21A0CDD1B002E8D48 /* Foundation.framework in Frameworks */ = {isa = PBXBuildFile; fileRef = 84D661A11A0CDD1B002E8D48 /* Foundation.framework */; };
		84D661A41A0CDD1B002E8D48 /* CoreGraphics.framework in Frameworks */ = {isa = PBXBuildFile; fileRef = 84D661A31A0CDD1B002E8D48 /* CoreGraphics.framework */; };
		84D661A81A0CDD1B002E8D48 /* CloseNormal.png in Resources */ = {isa = PBXBuildFile; fileRef = 84D661A71A0CDD1B002E8D48 /* CloseNormal.png */; };
		84D661AA1A0CDD1B002E8D48 /* CloseSelected.png in Resources */ = {isa = PBXBuildFile; fileRef = 84D661A91A0CDD1B002E8D48 /* CloseSelected.png */; };
		84D661AC1A0CDD1B002E8D48 /* Default.png in Resources */ = {isa = PBXBuildFile; fileRef = 84D661AB1A0CDD1B002E8D48 /* Default.png */; };
		84D661AE1A0CDD1B002E8D48 /* HelloWorld.png in Resources */ = {isa = PBXBuildFile; fileRef = 84D661AD1A0CDD1B002E8D48 /* HelloWorld.png */; };
		84D661B01A0CDD1B002E8D48 /* Icon-72.png in Resources */ = {isa = PBXBuildFile; fileRef = 84D661AF1A0CDD1B002E8D48 /* Icon-72.png */; };
		84D661B21A0CDD1B002E8D48 /* Icon-Small-50.png in Resources */ = {isa = PBXBuildFile; fileRef = 84D661B11A0CDD1B002E8D48 /* Icon-Small-50.png */; };
		84D661B41A0CDD1B002E8D48 /* Icon-Small.png in Resources */ = {isa = PBXBuildFile; fileRef = 84D661B31A0CDD1B002E8D48 /* Icon-Small.png */; };
		84D661B61A0CDD1B002E8D48 /* Icon-Small@2x.png in Resources */ = {isa = PBXBuildFile; fileRef = 84D661B51A0CDD1B002E8D48 /* Icon-Small@2x.png */; };
		84D661B81A0CDD1B002E8D48 /* Icon.png in Resources */ = {isa = PBXBuildFile; fileRef = 84D661B71A0CDD1B002E8D48 /* Icon.png */; };
		84D661BA1A0CDD1B002E8D48 /* Icon@2x.png in Resources */ = {isa = PBXBuildFile; fileRef = 84D661B91A0CDD1B002E8D48 /* Icon@2x.png */; };
		84D661BC1A0CDD1B002E8D48 /* iTunesArtwork in Resources */ = {isa = PBXBuildFile; fileRef = 84D661BB1A0CDD1B002E8D48 /* iTunesArtwork */; };
		84D661C11A0CDD1B002E8D48 /* AppController.mm in Sources */ = {isa = PBXBuildFile; fileRef = 84D661C01A0CDD1B002E8D48 /* AppController.mm */; };
		84D661C41A0CDD1B002E8D48 /* RootViewController.mm in Sources */ = {isa = PBXBuildFile; fileRef = 84D661C31A0CDD1B002E8D48 /* RootViewController.mm */; };
		84D661C61A0CDD1B002E8D48 /* main.m in Sources */ = {isa = PBXBuildFile; fileRef = 84D661C51A0CDD1B002E8D48 /* main.m */; };
		84D665391A0CDD1E002E8D48 /* AppDelegate.cpp in Sources */ = {isa = PBXBuildFile; fileRef = 84D665381A0CDD1E002E8D48 /* AppDelegate.cpp */; };
		84D6653C1A0CDD1E002E8D48 /* HelloWorldScene.cpp in Sources */ = {isa = PBXBuildFile; fileRef = 84D6653B1A0CDD1E002E8D48 /* HelloWorldScene.cpp */; };
/* End PBXBuildFile section */

/* Begin PBXContainerItemProxy section */
		2AFA279E1A0D2A5400BE1B65 /* PBXContainerItemProxy */ = {
			isa = PBXContainerItemProxy;
			containerPortal = 2AFA279A1A0D2A5400BE1B65 /* cocos2dx.xcodeproj */;
			proxyType = 2;
			remoteGlobalIDString = 1551A33F158F2AB200E66CFE;
			remoteInfo = cocos2dx;
		};
		2AFA2B5B1A0D2CCD00BE1B65 /* PBXContainerItemProxy */ = {
			isa = PBXContainerItemProxy;
			containerPortal = 2AFA279A1A0D2A5400BE1B65 /* cocos2dx.xcodeproj */;
			proxyType = 1;
			remoteGlobalIDString = 1551A33E158F2AB200E66CFE;
			remoteInfo = cocos2dx;
		};
		2AFA2B611A0D2CDF00BE1B65 /* PBXContainerItemProxy */ = {
			isa = PBXContainerItemProxy;
			containerPortal = 2AFA2B5D1A0D2CDF00BE1B65 /* CocosDenshion.xcodeproj */;
			proxyType = 2;
			remoteGlobalIDString = D87CC2E5154FC6C500AAFE11;
			remoteInfo = CocosDenshion;
		};
		2AFA2B631A0D2CEC00BE1B65 /* PBXContainerItemProxy */ = {
			isa = PBXContainerItemProxy;
			containerPortal = 2AFA2B5D1A0D2CDF00BE1B65 /* CocosDenshion.xcodeproj */;
			proxyType = 1;
			remoteGlobalIDString = D87CC2E4154FC6C500AAFE11;
			remoteInfo = CocosDenshion;
		};
/* End PBXContainerItemProxy section */

/* Begin PBXFileReference section */
		2AFA279A1A0D2A5400BE1B65 /* cocos2dx.xcodeproj */ = {isa = PBXFileReference; lastKnownFileType = "wrapper.pb-project"; name = cocos2dx.xcodeproj; path = "libs/cocos2d-x/cocos2dx/proj.ios/cocos2dx.xcodeproj"; sourceTree = "<group>"; };
		2AFA2B5D1A0D2CDF00BE1B65 /* CocosDenshion.xcodeproj */ = {isa = PBXFileReference; lastKnownFileType = "wrapper.pb-project"; name = CocosDenshion.xcodeproj; path = "libs/cocos2d-x/CocosDenshion/proj.ios/CocosDenshion.xcodeproj"; sourceTree = "<group>"; };
		2C29254E1A11289700C7169D /* libresolv.dylib */ = {isa = PBXFileReference; lastKnownFileType = "compiled.mach-o.dylib"; name = libresolv.dylib; path = usr/lib/libresolv.dylib; sourceTree = SDKROOT; };
		2C2925521A1128BB00C7169D /* config.h */ = {isa = PBXFileReference; fileEncoding = 4; lastKnownFileType = sourcecode.c.h; path = config.h; sourceTree = "<group>"; };
		2C2925541A1128BB00C7169D /* config.h.unix */ = {isa = PBXFileReference; fileEncoding = 4; lastKnownFileType = text; path = config.h.unix; sourceTree = "<group>"; };
		2C2925561A1128BB00C7169D /* connectionbase.h */ = {isa = PBXFileReference; fileEncoding = 4; lastKnownFileType = sourcecode.c.h; path = connectionbase.h; sourceTree = "<group>"; };
		2C2925571A1128BB00C7169D /* connectiondatahandler.h */ = {isa = PBXFileReference; fileEncoding = 4; lastKnownFileType = sourcecode.c.h; path = connectiondatahandler.h; sourceTree = "<group>"; };
		2C2925581A1128BB00C7169D /* connectiontcpbase.cpp */ = {isa = PBXFileReference; fileEncoding = 4; lastKnownFileType = sourcecode.cpp.cpp; path = connectiontcpbase.cpp; sourceTree = "<group>"; };
		2C2925591A1128BB00C7169D /* connectiontcpbase.h */ = {isa = PBXFileReference; fileEncoding = 4; lastKnownFileType = sourcecode.c.h; path = connectiontcpbase.h; sourceTree = "<group>"; };
		2C29255A1A1128BB00C7169D /* connectiontcpclient.cpp */ = {isa = PBXFileReference; fileEncoding = 4; lastKnownFileType = sourcecode.cpp.cpp; path = connectiontcpclient.cpp; sourceTree = "<group>"; };
		2C29255B1A1128BB00C7169D /* connectiontcpclient.h */ = {isa = PBXFileReference; fileEncoding = 4; lastKnownFileType = sourcecode.c.h; path = connectiontcpclient.h; sourceTree = "<group>"; };
		2C29255C1A1128BB00C7169D /* dns.cpp */ = {isa = PBXFileReference; fileEncoding = 4; lastKnownFileType = sourcecode.cpp.cpp; path = dns.cpp; sourceTree = "<group>"; };
		2C29255D1A1128BB00C7169D /* dns.h */ = {isa = PBXFileReference; fileEncoding = 4; lastKnownFileType = sourcecode.c.h; path = dns.h; sourceTree = "<group>"; };
		2C29255E1A1128BB00C7169D /* gloox.cpp */ = {isa = PBXFileReference; fileEncoding = 4; lastKnownFileType = sourcecode.cpp.cpp; path = gloox.cpp; sourceTree = "<group>"; };
		2C29255F1A1128BB00C7169D /* gloox.h */ = {isa = PBXFileReference; fileEncoding = 4; lastKnownFileType = sourcecode.c.h; path = gloox.h; sourceTree = "<group>"; };
		2C2925601A1128BB00C7169D /* glooxversion.h */ = {isa = PBXFileReference; fileEncoding = 4; lastKnownFileType = sourcecode.c.h; path = glooxversion.h; sourceTree = "<group>"; };
		2C2925611A1128BB00C7169D /* loghandler.h */ = {isa = PBXFileReference; fileEncoding = 4; lastKnownFileType = sourcecode.c.h; path = loghandler.h; sourceTree = "<group>"; };
		2C2925621A1128BB00C7169D /* logsink.cpp */ = {isa = PBXFileReference; fileEncoding = 4; lastKnownFileType = sourcecode.cpp.cpp; path = logsink.cpp; sourceTree = "<group>"; };
		2C2925631A1128BB00C7169D /* logsink.h */ = {isa = PBXFileReference; fileEncoding = 4; lastKnownFileType = sourcecode.c.h; path = logsink.h; sourceTree = "<group>"; };
		2C2925641A1128BB00C7169D /* macros.h */ = {isa = PBXFileReference; fileEncoding = 4; lastKnownFileType = sourcecode.c.h; path = macros.h; sourceTree = "<group>"; };
		2C2925651A1128BB00C7169D /* mutex.cpp */ = {isa = PBXFileReference; fileEncoding = 4; lastKnownFileType = sourcecode.cpp.cpp; path = mutex.cpp; sourceTree = "<group>"; };
		2C2925661A1128BB00C7169D /* mutex.h */ = {isa = PBXFileReference; fileEncoding = 4; lastKnownFileType = sourcecode.c.h; path = mutex.h; sourceTree = "<group>"; };
		2C2925671A1128BB00C7169D /* mutexguard.h */ = {isa = PBXFileReference; fileEncoding = 4; lastKnownFileType = sourcecode.c.h; path = mutexguard.h; sourceTree = "<group>"; };
		2C2925681A1128BB00C7169D /* prep.cpp */ = {isa = PBXFileReference; fileEncoding = 4; lastKnownFileType = sourcecode.cpp.cpp; path = prep.cpp; sourceTree = "<group>"; };
		2C2925691A1128BB00C7169D /* prep.h */ = {isa = PBXFileReference; fileEncoding = 4; lastKnownFileType = sourcecode.c.h; path = prep.h; sourceTree = "<group>"; };
		2C29256A1A1128BB00C7169D /* util.cpp */ = {isa = PBXFileReference; fileEncoding = 4; lastKnownFileType = sourcecode.cpp.cpp; path = util.cpp; sourceTree = "<group>"; };
		2C29256B1A1128BB00C7169D /* util.h */ = {isa = PBXFileReference; fileEncoding = 4; lastKnownFileType = sourcecode.c.h; path = util.h; sourceTree = "<group>"; };
		84CEB5701A10E2F900FFA547 /* client.cpp */ = {isa = PBXFileReference; fileEncoding = 4; lastKnownFileType = sourcecode.cpp.cpp; path = client.cpp; sourceTree = "<group>"; };
		84CEB5711A10E2F900FFA547 /* client.h */ = {isa = PBXFileReference; fileEncoding = 4; lastKnownFileType = sourcecode.c.h; path = client.h; sourceTree = "<group>"; };
		84D661921A0CDD1B002E8D48 /* network.app */ = {isa = PBXFileReference; explicitFileType = wrapper.application; includeInIndex = 0; path = network.app; sourceTree = BUILT_PRODUCTS_DIR; };
		84D661951A0CDD1B002E8D48 /* QuartzCore.framework */ = {isa = PBXFileReference; lastKnownFileType = wrapper.framework; name = QuartzCore.framework; path = System/Library/Frameworks/QuartzCore.framework; sourceTree = SDKROOT; };
		84D661971A0CDD1B002E8D48 /* OpenGLES.framework */ = {isa = PBXFileReference; lastKnownFileType = wrapper.framework; name = OpenGLES.framework; path = System/Library/Frameworks/OpenGLES.framework; sourceTree = SDKROOT; };
		84D661991A0CDD1B002E8D48 /* OpenAL.framework */ = {isa = PBXFileReference; lastKnownFileType = wrapper.framework; name = OpenAL.framework; path = System/Library/Frameworks/OpenAL.framework; sourceTree = SDKROOT; };
		84D6619B1A0CDD1B002E8D48 /* AudioToolbox.framework */ = {isa = PBXFileReference; lastKnownFileType = wrapper.framework; name = AudioToolbox.framework; path = System/Library/Frameworks/AudioToolbox.framework; sourceTree = SDKROOT; };
		84D6619D1A0CDD1B002E8D48 /* AVFoundation.framework */ = {isa = PBXFileReference; lastKnownFileType = wrapper.framework; name = AVFoundation.framework; path = System/Library/Frameworks/AVFoundation.framework; sourceTree = SDKROOT; };
		84D6619F1A0CDD1B002E8D48 /* UIKit.framework */ = {isa = PBXFileReference; lastKnownFileType = wrapper.framework; name = UIKit.framework; path = System/Library/Frameworks/UIKit.framework; sourceTree = SDKROOT; };
		84D661A11A0CDD1B002E8D48 /* Foundation.framework */ = {isa = PBXFileReference; lastKnownFileType = wrapper.framework; name = Foundation.framework; path = System/Library/Frameworks/Foundation.framework; sourceTree = SDKROOT; };
		84D661A31A0CDD1B002E8D48 /* CoreGraphics.framework */ = {isa = PBXFileReference; lastKnownFileType = wrapper.framework; name = CoreGraphics.framework; path = System/Library/Frameworks/CoreGraphics.framework; sourceTree = SDKROOT; };
		84D661A71A0CDD1B002E8D48 /* CloseNormal.png */ = {isa = PBXFileReference; lastKnownFileType = image.png; name = CloseNormal.png; path = Resources/CloseNormal.png; sourceTree = "<group>"; };
		84D661A91A0CDD1B002E8D48 /* CloseSelected.png */ = {isa = PBXFileReference; lastKnownFileType = image.png; name = CloseSelected.png; path = Resources/CloseSelected.png; sourceTree = "<group>"; };
		84D661AB1A0CDD1B002E8D48 /* Default.png */ = {isa = PBXFileReference; lastKnownFileType = image.png; name = Default.png; path = Resources/Default.png; sourceTree = "<group>"; };
		84D661AD1A0CDD1B002E8D48 /* HelloWorld.png */ = {isa = PBXFileReference; lastKnownFileType = image.png; name = HelloWorld.png; path = Resources/HelloWorld.png; sourceTree = "<group>"; };
		84D661AF1A0CDD1B002E8D48 /* Icon-72.png */ = {isa = PBXFileReference; lastKnownFileType = image.png; name = "Icon-72.png"; path = "Resources/Icon-72.png"; sourceTree = "<group>"; };
		84D661B11A0CDD1B002E8D48 /* Icon-Small-50.png */ = {isa = PBXFileReference; lastKnownFileType = image.png; name = "Icon-Small-50.png"; path = "Resources/Icon-Small-50.png"; sourceTree = "<group>"; };
		84D661B31A0CDD1B002E8D48 /* Icon-Small.png */ = {isa = PBXFileReference; lastKnownFileType = image.png; name = "Icon-Small.png"; path = "Resources/Icon-Small.png"; sourceTree = "<group>"; };
		84D661B51A0CDD1B002E8D48 /* Icon-Small@2x.png */ = {isa = PBXFileReference; lastKnownFileType = image.png; name = "Icon-Small@2x.png"; path = "Resources/Icon-Small@2x.png"; sourceTree = "<group>"; };
		84D661B71A0CDD1B002E8D48 /* Icon.png */ = {isa = PBXFileReference; lastKnownFileType = image.png; name = Icon.png; path = Resources/Icon.png; sourceTree = "<group>"; };
		84D661B91A0CDD1B002E8D48 /* Icon@2x.png */ = {isa = PBXFileReference; lastKnownFileType = image.png; name = "Icon@2x.png"; path = "Resources/Icon@2x.png"; sourceTree = "<group>"; };
		84D661BB1A0CDD1B002E8D48 /* iTunesArtwork */ = {isa = PBXFileReference; lastKnownFileType = file; name = iTunesArtwork; path = Resources/iTunesArtwork; sourceTree = "<group>"; };
		84D661BD1A0CDD1B002E8D48 /* Info.plist */ = {isa = PBXFileReference; lastKnownFileType = text.plist.xml; name = Info.plist; path = Resources/Info.plist; sourceTree = "<group>"; };
		84D661BF1A0CDD1B002E8D48 /* AppController.h */ = {isa = PBXFileReference; lastKnownFileType = sourcecode.c.h; name = AppController.h; path = ios/AppController.h; sourceTree = "<group>"; };
		84D661C01A0CDD1B002E8D48 /* AppController.mm */ = {isa = PBXFileReference; lastKnownFileType = sourcecode.cpp.objcpp; name = AppController.mm; path = ios/AppController.mm; sourceTree = "<group>"; };
		84D661C21A0CDD1B002E8D48 /* RootViewController.h */ = {isa = PBXFileReference; lastKnownFileType = sourcecode.c.h; name = RootViewController.h; path = ios/RootViewController.h; sourceTree = "<group>"; };
		84D661C31A0CDD1B002E8D48 /* RootViewController.mm */ = {isa = PBXFileReference; lastKnownFileType = sourcecode.cpp.objcpp; name = RootViewController.mm; path = ios/RootViewController.mm; sourceTree = "<group>"; };
		84D661C51A0CDD1B002E8D48 /* main.m */ = {isa = PBXFileReference; lastKnownFileType = sourcecode.c.objc; name = main.m; path = ios/main.m; sourceTree = "<group>"; };
		84D665351A0CDD1E002E8D48 /* Prefix.pch */ = {isa = PBXFileReference; lastKnownFileType = sourcecode.c.h; path = Prefix.pch; sourceTree = "<group>"; };
		84D665371A0CDD1E002E8D48 /* AppDelegate.h */ = {isa = PBXFileReference; lastKnownFileType = sourcecode.c.h; name = AppDelegate.h; path = Classes/AppDelegate.h; sourceTree = "<group>"; };
		84D665381A0CDD1E002E8D48 /* AppDelegate.cpp */ = {isa = PBXFileReference; lastKnownFileType = sourcecode.cpp.cpp; name = AppDelegate.cpp; path = Classes/AppDelegate.cpp; sourceTree = "<group>"; };
		84D6653A1A0CDD1E002E8D48 /* HelloWorldScene.h */ = {isa = PBXFileReference; lastKnownFileType = sourcecode.c.h; name = HelloWorldScene.h; path = Classes/HelloWorldScene.h; sourceTree = "<group>"; };
		84D6653B1A0CDD1E002E8D48 /* HelloWorldScene.cpp */ = {isa = PBXFileReference; lastKnownFileType = sourcecode.cpp.cpp; name = HelloWorldScene.cpp; path = Classes/HelloWorldScene.cpp; sourceTree = "<group>"; };
/* End PBXFileReference section */

/* Begin PBXFrameworksBuildPhase section */
		84D6618F1A0CDD1B002E8D48 /* Frameworks */ = {
			isa = PBXFrameworksBuildPhase;
			buildActionMask = 2147483647;
			files = (
				2C29254F1A11289700C7169D /* libresolv.dylib in Frameworks */,
				2AFA2B651A0D2CF300BE1B65 /* libcocos2dx.a in Frameworks */,
				2AFA2B661A0D2CF300BE1B65 /* libCocosDenshion.a in Frameworks */,
				84D6619A1A0CDD1B002E8D48 /* OpenAL.framework in Frameworks */,
				84D661A01A0CDD1B002E8D48 /* UIKit.framework in Frameworks */,
				84D661961A0CDD1B002E8D48 /* QuartzCore.framework in Frameworks */,
				84D6619E1A0CDD1B002E8D48 /* AVFoundation.framework in Frameworks */,
				84D661A41A0CDD1B002E8D48 /* CoreGraphics.framework in Frameworks */,
				84D661981A0CDD1B002E8D48 /* OpenGLES.framework in Frameworks */,
				84D661A21A0CDD1B002E8D48 /* Foundation.framework in Frameworks */,
				84D6619C1A0CDD1B002E8D48 /* AudioToolbox.framework in Frameworks */,
			);
			runOnlyForDeploymentPostprocessing = 0;
		};
/* End PBXFrameworksBuildPhase section */

/* Begin PBXGroup section */
		2AFA279B1A0D2A5400BE1B65 /* Products */ = {
			isa = PBXGroup;
			children = (
				2AFA279F1A0D2A5400BE1B65 /* libcocos2dx.a */,
			);
			name = Products;
			sourceTree = "<group>";
		};
		2AFA2B5E1A0D2CDF00BE1B65 /* Products */ = {
			isa = PBXGroup;
			children = (
				2AFA2B621A0D2CDF00BE1B65 /* libCocosDenshion.a */,
			);
			name = Products;
			sourceTree = "<group>";
		};
		2C2925511A1128BB00C7169D /* gloox */ = {
			isa = PBXGroup;
			children = (
				2C2925581A1128BB00C7169D /* connectiontcpbase.cpp */,
				2C29255A1A1128BB00C7169D /* connectiontcpclient.cpp */,
				2C29255C1A1128BB00C7169D /* dns.cpp */,
				2C29255E1A1128BB00C7169D /* gloox.cpp */,
				2C2925621A1128BB00C7169D /* logsink.cpp */,
				2C2925651A1128BB00C7169D /* mutex.cpp */,
				2C2925681A1128BB00C7169D /* prep.cpp */,
				2C29256A1A1128BB00C7169D /* util.cpp */,
				2C2925521A1128BB00C7169D /* config.h */,
				2C2925561A1128BB00C7169D /* connectionbase.h */,
				2C2925571A1128BB00C7169D /* connectiondatahandler.h */,
				2C2925591A1128BB00C7169D /* connectiontcpbase.h */,
				2C29255B1A1128BB00C7169D /* connectiontcpclient.h */,
				2C29255D1A1128BB00C7169D /* dns.h */,
				2C29255F1A1128BB00C7169D /* gloox.h */,
				2C2925601A1128BB00C7169D /* glooxversion.h */,
				2C2925611A1128BB00C7169D /* loghandler.h */,
				2C2925631A1128BB00C7169D /* logsink.h */,
				2C2925641A1128BB00C7169D /* macros.h */,
				2C2925661A1128BB00C7169D /* mutex.h */,
				2C2925671A1128BB00C7169D /* mutexguard.h */,
				2C2925691A1128BB00C7169D /* prep.h */,
				2C29256B1A1128BB00C7169D /* util.h */,
				2C2925541A1128BB00C7169D /* config.h.unix */,
			);
			name = gloox;
			path = libs/gloox;
			sourceTree = SOURCE_ROOT;
		};
		84CEB56F1A10E2F900FFA547 /* net */ = {
			isa = PBXGroup;
			children = (
				84CEB5701A10E2F900FFA547 /* client.cpp */,
				84CEB5711A10E2F900FFA547 /* client.h */,
			);
			name = net;
			path = Classes/net;
			sourceTree = "<group>";
		};
		84D661891A0CDD1A002E8D48 = {
			isa = PBXGroup;
			children = (
				2AFA279A1A0D2A5400BE1B65 /* cocos2dx.xcodeproj */,
				2AFA2B5D1A0D2CDF00BE1B65 /* CocosDenshion.xcodeproj */,
				84D661941A0CDD1B002E8D48 /* Frameworks */,
				84D661A51A0CDD1B002E8D48 /* network */,
				84D661931A0CDD1B002E8D48 /* Products */,
			);
			sourceTree = "<group>";
		};
		84D661931A0CDD1B002E8D48 /* Products */ = {
			isa = PBXGroup;
			children = (
				84D661921A0CDD1B002E8D48 /* network.app */,
			);
			name = Products;
			sourceTree = "<group>";
		};
		84D661941A0CDD1B002E8D48 /* Frameworks */ = {
			isa = PBXGroup;
			children = (
				2C29254E1A11289700C7169D /* libresolv.dylib */,
				84D661951A0CDD1B002E8D48 /* QuartzCore.framework */,
				84D661971A0CDD1B002E8D48 /* OpenGLES.framework */,
				84D661991A0CDD1B002E8D48 /* OpenAL.framework */,
				84D6619B1A0CDD1B002E8D48 /* AudioToolbox.framework */,
				84D6619D1A0CDD1B002E8D48 /* AVFoundation.framework */,
				84D6619F1A0CDD1B002E8D48 /* UIKit.framework */,
				84D661A11A0CDD1B002E8D48 /* Foundation.framework */,
				84D661A31A0CDD1B002E8D48 /* CoreGraphics.framework */,
			);
			name = Frameworks;
			sourceTree = "<group>";
		};
		84D661A51A0CDD1B002E8D48 /* network */ = {
			isa = PBXGroup;
			children = (
				2C2925511A1128BB00C7169D /* gloox */,
				84D661A61A0CDD1B002E8D48 /* Resources */,
				84D661BE1A0CDD1B002E8D48 /* ios */,
				84D665361A0CDD1E002E8D48 /* Classes */,
				84D665341A0CDD1E002E8D48 /* Supporting Files */,
			);
			path = network;
			sourceTree = "<group>";
		};
		84D661A61A0CDD1B002E8D48 /* Resources */ = {
			isa = PBXGroup;
			children = (
				84D661A71A0CDD1B002E8D48 /* CloseNormal.png */,
				84D661A91A0CDD1B002E8D48 /* CloseSelected.png */,
				84D661AB1A0CDD1B002E8D48 /* Default.png */,
				84D661AD1A0CDD1B002E8D48 /* HelloWorld.png */,
				84D661AF1A0CDD1B002E8D48 /* Icon-72.png */,
				84D661B11A0CDD1B002E8D48 /* Icon-Small-50.png */,
				84D661B31A0CDD1B002E8D48 /* Icon-Small.png */,
				84D661B51A0CDD1B002E8D48 /* Icon-Small@2x.png */,
				84D661B71A0CDD1B002E8D48 /* Icon.png */,
				84D661B91A0CDD1B002E8D48 /* Icon@2x.png */,
				84D661BB1A0CDD1B002E8D48 /* iTunesArtwork */,
				84D661BD1A0CDD1B002E8D48 /* Info.plist */,
			);
			name = Resources;
			sourceTree = "<group>";
		};
		84D661BE1A0CDD1B002E8D48 /* ios */ = {
			isa = PBXGroup;
			children = (
				84D661BF1A0CDD1B002E8D48 /* AppController.h */,
				84D661C01A0CDD1B002E8D48 /* AppController.mm */,
				84D661C21A0CDD1B002E8D48 /* RootViewController.h */,
				84D661C31A0CDD1B002E8D48 /* RootViewController.mm */,
				84D661C51A0CDD1B002E8D48 /* main.m */,
			);
			name = ios;
			sourceTree = "<group>";
		};
		84D665341A0CDD1E002E8D48 /* Supporting Files */ = {
			isa = PBXGroup;
			children = (
				84D665351A0CDD1E002E8D48 /* Prefix.pch */,
			);
			name = "Supporting Files";
			sourceTree = "<group>";
		};
		84D665361A0CDD1E002E8D48 /* Classes */ = {
			isa = PBXGroup;
			children = (
				84CEB56F1A10E2F900FFA547 /* net */,
				84D665371A0CDD1E002E8D48 /* AppDelegate.h */,
				84D665381A0CDD1E002E8D48 /* AppDelegate.cpp */,
				84D6653A1A0CDD1E002E8D48 /* HelloWorldScene.h */,
				84D6653B1A0CDD1E002E8D48 /* HelloWorldScene.cpp */,
			);
			name = Classes;
			sourceTree = "<group>";
		};
/* End PBXGroup section */

/* Begin PBXNativeTarget section */
		84D661911A0CDD1B002E8D48 /* network */ = {
			isa = PBXNativeTarget;
			buildConfigurationList = 84D6653F1A0CDD1E002E8D48 /* Build configuration list for PBXNativeTarget "network" */;
			buildPhases = (
				84D6618E1A0CDD1B002E8D48 /* Sources */,
				84D6618F1A0CDD1B002E8D48 /* Frameworks */,
				84D661901A0CDD1B002E8D48 /* Resources */,
			);
			buildRules = (
			);
			dependencies = (
				2AFA2B641A0D2CEC00BE1B65 /* PBXTargetDependency */,
				2AFA2B5C1A0D2CCD00BE1B65 /* PBXTargetDependency */,
			);
			name = network;
			productName = network;
			productReference = 84D661921A0CDD1B002E8D48 /* network.app */;
			productType = "com.apple.product-type.application";
		};
/* End PBXNativeTarget section */

/* Begin PBXProject section */
		84D6618A1A0CDD1A002E8D48 /* Project object */ = {
			isa = PBXProject;
			attributes = {
				LastUpgradeCheck = 0610;
				TargetAttributes = {
					84D661911A0CDD1B002E8D48 = {
						CreatedOnToolsVersion = 6.1;
					};
				};
			};
			buildConfigurationList = 84D6618D1A0CDD1A002E8D48 /* Build configuration list for PBXProject "network" */;
			compatibilityVersion = "Xcode 3.2";
			developmentRegion = English;
			hasScannedForEncodings = 0;
			knownRegions = (
				en,
			);
			mainGroup = 84D661891A0CDD1A002E8D48;
			productRefGroup = 84D661931A0CDD1B002E8D48 /* Products */;
			projectDirPath = "";
			projectReferences = (
				{
					ProductGroup = 2AFA279B1A0D2A5400BE1B65 /* Products */;
					ProjectRef = 2AFA279A1A0D2A5400BE1B65 /* cocos2dx.xcodeproj */;
				},
				{
					ProductGroup = 2AFA2B5E1A0D2CDF00BE1B65 /* Products */;
					ProjectRef = 2AFA2B5D1A0D2CDF00BE1B65 /* CocosDenshion.xcodeproj */;
				},
			);
			projectRoot = "";
			targets = (
				84D661911A0CDD1B002E8D48 /* network */,
			);
		};
/* End PBXProject section */

/* Begin PBXReferenceProxy section */
		2AFA279F1A0D2A5400BE1B65 /* libcocos2dx.a */ = {
			isa = PBXReferenceProxy;
			fileType = archive.ar;
			path = libcocos2dx.a;
			remoteRef = 2AFA279E1A0D2A5400BE1B65 /* PBXContainerItemProxy */;
			sourceTree = BUILT_PRODUCTS_DIR;
		};
		2AFA2B621A0D2CDF00BE1B65 /* libCocosDenshion.a */ = {
			isa = PBXReferenceProxy;
			fileType = archive.ar;
			path = libCocosDenshion.a;
			remoteRef = 2AFA2B611A0D2CDF00BE1B65 /* PBXContainerItemProxy */;
			sourceTree = BUILT_PRODUCTS_DIR;
		};
/* End PBXReferenceProxy section */

/* Begin PBXResourcesBuildPhase section */
		84D661901A0CDD1B002E8D48 /* Resources */ = {
			isa = PBXResourcesBuildPhase;
			buildActionMask = 2147483647;
			files = (
				84D661B81A0CDD1B002E8D48 /* Icon.png in Resources */,
				84D661A81A0CDD1B002E8D48 /* CloseNormal.png in Resources */,
				2C29256D1A1128BB00C7169D /* config.h.unix in Resources */,
				84D661B41A0CDD1B002E8D48 /* Icon-Small.png in Resources */,
				84D661B01A0CDD1B002E8D48 /* Icon-72.png in Resources */,
				84D661AE1A0CDD1B002E8D48 /* HelloWorld.png in Resources */,
				84D661B21A0CDD1B002E8D48 /* Icon-Small-50.png in Resources */,
				84D661BC1A0CDD1B002E8D48 /* iTunesArtwork in Resources */,
				84D661B61A0CDD1B002E8D48 /* Icon-Small@2x.png in Resources */,
				84D661AC1A0CDD1B002E8D48 /* Default.png in Resources */,
				84D661AA1A0CDD1B002E8D48 /* CloseSelected.png in Resources */,
				84D661BA1A0CDD1B002E8D48 /* Icon@2x.png in Resources */,
			);
			runOnlyForDeploymentPostprocessing = 0;
		};
/* End PBXResourcesBuildPhase section */

/* Begin PBXSourcesBuildPhase section */
		84D6618E1A0CDD1B002E8D48 /* Sources */ = {
			isa = PBXSourcesBuildPhase;
			buildActionMask = 2147483647;
			files = (
				2C29256F1A1128BB00C7169D /* connectiontcpbase.cpp in Sources */,
				84D661C41A0CDD1B002E8D48 /* RootViewController.mm in Sources */,
				2C2925741A1128BB00C7169D /* mutex.cpp in Sources */,
				2C2925731A1128BB00C7169D /* logsink.cpp in Sources */,
				84D661C61A0CDD1B002E8D48 /* main.m in Sources */,
				2C2925701A1128BB00C7169D /* connectiontcpclient.cpp in Sources */,
				2C2925711A1128BB00C7169D /* dns.cpp in Sources */,
				2C2925761A1128BB00C7169D /* util.cpp in Sources */,
				84CEB5741A10E2F900FFA547 /* client.cpp in Sources */,
				84D661C11A0CDD1B002E8D48 /* AppController.mm in Sources */,
				2C2925751A1128BB00C7169D /* prep.cpp in Sources */,
				2C2925721A1128BB00C7169D /* gloox.cpp in Sources */,
				84D6653C1A0CDD1E002E8D48 /* HelloWorldScene.cpp in Sources */,
				84D665391A0CDD1E002E8D48 /* AppDelegate.cpp in Sources */,
			);
			runOnlyForDeploymentPostprocessing = 0;
		};
/* End PBXSourcesBuildPhase section */

/* Begin PBXTargetDependency section */
		2AFA2B5C1A0D2CCD00BE1B65 /* PBXTargetDependency */ = {
			isa = PBXTargetDependency;
			name = cocos2dx;
			targetProxy = 2AFA2B5B1A0D2CCD00BE1B65 /* PBXContainerItemProxy */;
		};
		2AFA2B641A0D2CEC00BE1B65 /* PBXTargetDependency */ = {
			isa = PBXTargetDependency;
			name = CocosDenshion;
			targetProxy = 2AFA2B631A0D2CEC00BE1B65 /* PBXContainerItemProxy */;
		};
/* End PBXTargetDependency section */

/* Begin XCBuildConfiguration section */
		84D6653D1A0CDD1E002E8D48 /* Debug */ = {
			isa = XCBuildConfiguration;
			buildSettings = {
				ARCHS = "$(ARCHS_STANDARD_32_BIT)";
				"CODE_SIGN_IDENTITY[sdk=iphoneos*]" = "iPhone Developer";
				GCC_C_LANGUAGE_STANDARD = gnu99;
				GCC_OPTIMIZATION_LEVEL = 0;
				GCC_PREPROCESSOR_DEFINITIONS = (
					DEBUG,
					"COCOS2D_DEBUG=1",
					USE_FILE32API,
					CC_TARGET_OS_IPHONE,
					"CC_ENABLE_CHIPMUNK_INTEGRATION=1",
				);
				GCC_SYMBOLS_PRIVATE_EXTERN = NO;
				GCC_WARN_ABOUT_RETURN_TYPE = YES;
				GCC_WARN_UNUSED_VARIABLE = YES;
				HEADER_SEARCH_PATHS = (
					"\"$(SRCROOT)/libs/cocos2d-x/cocos2dx/kazmath/include\"",
					"\"$(SRCROOT)/libs/cocos2d-x/cocos2dx\"",
					"\"$(SRCROOT)/libs/cocos2d-x/CocosDenshion/include\"",
					"\"$(SRCROOT)/libs/cocos2d-x/extensions\"",
					"\"$(SRCROOT)/libs/cocos2d-x/cocos2dx/include\"",
					"\"$(SRCROOT)/libs/cocos2d-x/cocos2dx/platform/third_party/ios\"",
					"\"$(SRCROOT)/libs/cocos2d-x/cocos2dx/platform/ios\"",
					"\"$(SRCROOT)/libs/gloox\"",
					"\"$(SRCROOT)/network/Classes\"",
				);
				IPHONEOS_DEPLOYMENT_TARGET = 5.1;
				SDKROOT = iphoneos;
				TARGETED_DEVICE_FAMILY = "1,2";
			};
			name = Debug;
		};
		84D6653E1A0CDD1E002E8D48 /* Release */ = {
			isa = XCBuildConfiguration;
			buildSettings = {
				ARCHS = "$(ARCHS_STANDARD_32_BIT)";
				"CODE_SIGN_IDENTITY[sdk=iphoneos*]" = "iPhone Developer";
				GCC_C_LANGUAGE_STANDARD = gnu99;
				GCC_PREPROCESSOR_DEFINITIONS = (
					NDEBUG,
					USE_FILE32API,
					CC_TARGET_OS_IPHONE,
					"CC_ENABLE_CHIPMUNK_INTEGRATION=1",
				);
				GCC_WARN_ABOUT_RETURN_TYPE = YES;
				GCC_WARN_UNUSED_VARIABLE = YES;
				HEADER_SEARCH_PATHS = (
					"\"$(SRCROOT)/libs/cocos2d-x/cocos2dx/kazmath/include\"",
					"\"$(SRCROOT)/libs/cocos2d-x/cocos2dx\"",
					"\"$(SRCROOT)/libs/cocos2d-x/CocosDenshion/include\"",
					"\"$(SRCROOT)/libs/cocos2d-x/extensions\"",
					"\"$(SRCROOT)/libs/cocos2d-x/cocos2dx/include\"",
					"\"$(SRCROOT)/libs/cocos2d-x/cocos2dx/platform/third_party/ios\"",
					"\"$(SRCROOT)/libs/cocos2d-x/cocos2dx/platform/ios\"",
					"\"$(SRCROOT)/libs/gloox\"",
					"\"$(SRCROOT)/network/Classes\"",
				);
				IPHONEOS_DEPLOYMENT_TARGET = 5.1;
				OTHER_CFLAGS = "-DNS_BLOCK_ASSERTIONS=1";
				SDKROOT = iphoneos;
				TARGETED_DEVICE_FAMILY = "1,2";
			};
			name = Release;
		};
		84D665401A0CDD1E002E8D48 /* Debug */ = {
			isa = XCBuildConfiguration;
			buildSettings = {
				ALWAYS_SEARCH_USER_PATHS = YES;
				COPY_PHASE_STRIP = NO;
				GCC_DYNAMIC_NO_PIC = NO;
				GCC_PRECOMPILE_PREFIX_HEADER = YES;
				GCC_PREFIX_HEADER = network/Prefix.pch;
				"GCC_THUMB_SUPPORT[arch=armv6]" = "";
				HEADER_SEARCH_PATHS = "$(inherited)";
				INFOPLIST_FILE = network/Resources/Info.plist;
				IPHONEOS_DEPLOYMENT_TARGET = 5.1;
				LIBRARY_SEARCH_PATHS = (
					"$(inherited)",
					"$(SRCROOT)/libs/cocos2d-x/cocos2dx/platform/third_party/ios/libraries",
				);
				OTHER_LDFLAGS = (
					"-lxml2",
					"-lz",
					"-lsqlite3",
				);
				PRODUCT_NAME = "$(TARGET_NAME)";
				SEPARATE_STRIP = YES;
				TARGETED_DEVICE_FAMILY = "1,2";
				USER_HEADER_SEARCH_PATHS = "\"network/libs/Chipmunk/include/chipmunk\"";
				WRAPPER_EXTENSION = app;
			};
			name = Debug;
		};
		84D665411A0CDD1E002E8D48 /* Release */ = {
			isa = XCBuildConfiguration;
			buildSettings = {
				ALWAYS_SEARCH_USER_PATHS = YES;
				COPY_PHASE_STRIP = YES;
				GCC_PRECOMPILE_PREFIX_HEADER = YES;
				GCC_PREFIX_HEADER = network/Prefix.pch;
				"GCC_THUMB_SUPPORT[arch=armv6]" = "";
				HEADER_SEARCH_PATHS = "$(inherited)";
				INFOPLIST_FILE = network/Resources/Info.plist;
				IPHONEOS_DEPLOYMENT_TARGET = 5.1;
				LIBRARY_SEARCH_PATHS = (
					"$(inherited)",
					"$(SRCROOT)/libs/cocos2d-x/cocos2dx/platform/third_party/ios/libraries",
				);
				OTHER_LDFLAGS = (
					"-lxml2",
					"-lz",
					"-lsqlite3",
				);
				PRODUCT_NAME = "$(TARGET_NAME)";
				SEPARATE_STRIP = YES;
				TARGETED_DEVICE_FAMILY = "1,2";
				USER_HEADER_SEARCH_PATHS = "\"network/libs/Chipmunk/include/chipmunk\"";
				VALIDATE_PRODUCT = YES;
				WRAPPER_EXTENSION = app;
			};
			name = Release;
		};
/* End XCBuildConfiguration section */

/* Begin XCConfigurationList section */
		84D6618D1A0CDD1A002E8D48 /* Build configuration list for PBXProject "network" */ = {
			isa = XCConfigurationList;
			buildConfigurations = (
				84D6653D1A0CDD1E002E8D48 /* Debug */,
				84D6653E1A0CDD1E002E8D48 /* Release */,
			);
			defaultConfigurationIsVisible = 0;
			defaultConfigurationName = Release;
		};
		84D6653F1A0CDD1E002E8D48 /* Build configuration list for PBXNativeTarget "network" */ = {
			isa = XCConfigurationList;
			buildConfigurations = (
				84D665401A0CDD1E002E8D48 /* Debug */,
				84D665411A0CDD1E002E8D48 /* Release */,
			);
			defaultConfigurationIsVisible = 0;
			defaultConfigurationName = Release;
		};
/* End XCConfigurationList section */
	};
	rootObject = 84D6618A1A0CDD1A002E8D48 /* Project object */;
}
